// !$*UTF8*$!
{
	archiveVersion = 1;
	classes = {
	};
	objectVersion = 56;
	objects = {

/* Begin PBXBuildFile section */
		1F4A33052BD134AB0031CB6A /* GitHubSessionApp.swift in Sources */ = {isa = PBXBuildFile; fileRef = 1F4A33042BD134AB0031CB6A /* GitHubSessionApp.swift */; };
		1F4A33072BD134AB0031CB6A /* ContentView.swift in Sources */ = {isa = PBXBuildFile; fileRef = 1F4A33062BD134AB0031CB6A /* ContentView.swift */; };
		1F4A33092BD134AC0031CB6A /* Assets.xcassets in Resources */ = {isa = PBXBuildFile; fileRef = 1F4A33082BD134AC0031CB6A /* Assets.xcassets */; };
		1F4A330C2BD134AC0031CB6A /* Preview Assets.xcassets in Resources */ = {isa = PBXBuildFile; fileRef = 1F4A330B2BD134AC0031CB6A /* Preview Assets.xcassets */; };
		1F4A33162BD134AC0031CB6A /* GitHubSessionTests.swift in Sources */ = {isa = PBXBuildFile; fileRef = 1F4A33152BD134AC0031CB6A /* GitHubSessionTests.swift */; };
		1F4A33202BD134AC0031CB6A /* GitHubSessionUITests.swift in Sources */ = {isa = PBXBuildFile; fileRef = 1F4A331F2BD134AC0031CB6A /* GitHubSessionUITests.swift */; };
		1F4A33222BD134AC0031CB6A /* GitHubSessionUITestsLaunchTests.swift in Sources */ = {isa = PBXBuildFile; fileRef = 1F4A33212BD134AC0031CB6A /* GitHubSessionUITestsLaunchTests.swift */; };
/* End PBXBuildFile section */

/* Begin PBXContainerItemProxy section */
		1F4A33122BD134AC0031CB6A /* PBXContainerItemProxy */ = {
			isa = PBXContainerItemProxy;
			containerPortal = 1F4A32F92BD134AB0031CB6A /* Project object */;
			proxyType = 1;
			remoteGlobalIDString = 1F4A33002BD134AB0031CB6A;
			remoteInfo = GitHubSession;
		};
		1F4A331C2BD134AC0031CB6A /* PBXContainerItemProxy */ = {
			isa = PBXContainerItemProxy;
			containerPortal = 1F4A32F92BD134AB0031CB6A /* Project object */;
			proxyType = 1;
			remoteGlobalIDString = 1F4A33002BD134AB0031CB6A;
			remoteInfo = GitHubSession;
		};
/* End PBXContainerItemProxy section */

/* Begin PBXFileReference section */
		1F4A33012BD134AB0031CB6A /* GitHubSession.app */ = {isa = PBXFileReference; explicitFileType = wrapper.application; includeInIndex = 0; path = GitHubSession.app; sourceTree = BUILT_PRODUCTS_DIR; };
		1F4A33042BD134AB0031CB6A /* GitHubSessionApp.swift */ = {isa = PBXFileReference; lastKnownFileType = sourcecode.swift; path = GitHubSessionApp.swift; sourceTree = "<group>"; };
		1F4A33062BD134AB0031CB6A /* ContentView.swift */ = {isa = PBXFileReference; lastKnownFileType = sourcecode.swift; path = ContentView.swift; sourceTree = "<group>"; };
		1F4A33082BD134AC0031CB6A /* Assets.xcassets */ = {isa = PBXFileReference; lastKnownFileType = folder.assetcatalog; path = Assets.xcassets; sourceTree = "<group>"; };
		1F4A330B2BD134AC0031CB6A /* Preview Assets.xcassets */ = {isa = PBXFileReference; lastKnownFileType = folder.assetcatalog; path = "Preview Assets.xcassets"; sourceTree = "<group>"; };
		1F4A33112BD134AC0031CB6A /* GitHubSessionTests.xctest */ = {isa = PBXFileReference; explicitFileType = wrapper.cfbundle; includeInIndex = 0; path = GitHubSessionTests.xctest; sourceTree = BUILT_PRODUCTS_DIR; };
		1F4A33152BD134AC0031CB6A /* GitHubSessionTests.swift */ = {isa = PBXFileReference; lastKnownFileType = sourcecode.swift; path = GitHubSessionTests.swift; sourceTree = "<group>"; };
		1F4A331B2BD134AC0031CB6A /* GitHubSessionUITests.xctest */ = {isa = PBXFileReference; explicitFileType = wrapper.cfbundle; includeInIndex = 0; path = GitHubSessionUITests.xctest; sourceTree = BUILT_PRODUCTS_DIR; };
		1F4A331F2BD134AC0031CB6A /* GitHubSessionUITests.swift */ = {isa = PBXFileReference; lastKnownFileType = sourcecode.swift; path = GitHubSessionUITests.swift; sourceTree = "<group>"; };
		1F4A33212BD134AC0031CB6A /* GitHubSessionUITestsLaunchTests.swift */ = {isa = PBXFileReference; lastKnownFileType = sourcecode.swift; path = GitHubSessionUITestsLaunchTests.swift; sourceTree = "<group>"; };
/* End PBXFileReference section */

/* Begin PBXFrameworksBuildPhase section */
		1F4A32FE2BD134AB0031CB6A /* Frameworks */ = {
			isa = PBXFrameworksBuildPhase;
			buildActionMask = 2147483647;
			files = (
			);
			runOnlyForDeploymentPostprocessing = 0;
		};
		1F4A330E2BD134AC0031CB6A /* Frameworks */ = {
			isa = PBXFrameworksBuildPhase;
			buildActionMask = 2147483647;
			files = (
			);
			runOnlyForDeploymentPostprocessing = 0;
		};
		1F4A33182BD134AC0031CB6A /* Frameworks */ = {
			isa = PBXFrameworksBuildPhase;
			buildActionMask = 2147483647;
			files = (
			);
			runOnlyForDeploymentPostprocessing = 0;
		};
/* End PBXFrameworksBuildPhase section */

/* Begin PBXGroup section */
		1F4A32F82BD134AB0031CB6A = {
			isa = PBXGroup;
			children = (
				1F4A33032BD134AB0031CB6A /* GitHubSession */,
				1F4A33142BD134AC0031CB6A /* GitHubSessionTests */,
				1F4A331E2BD134AC0031CB6A /* GitHubSessionUITests */,
				1F4A33022BD134AB0031CB6A /* Products */,
			);
			sourceTree = "<group>";
		};
		1F4A33022BD134AB0031CB6A /* Products */ = {
			isa = PBXGroup;
			children = (
				1F4A33012BD134AB0031CB6A /* GitHubSession.app */,
				1F4A33112BD134AC0031CB6A /* GitHubSessionTests.xctest */,
				1F4A331B2BD134AC0031CB6A /* GitHubSessionUITests.xctest */,
			);
			name = Products;
			sourceTree = "<group>";
		};
		1F4A33032BD134AB0031CB6A /* GitHubSession */ = {
			isa = PBXGroup;
			children = (
				1F4A33042BD134AB0031CB6A /* GitHubSessionApp.swift */,
				1F4A33062BD134AB0031CB6A /* ContentView.swift */,
				1F4A33082BD134AC0031CB6A /* Assets.xcassets */,
				1F4A330A2BD134AC0031CB6A /* Preview Content */,
			);
			path = GitHubSession;
			sourceTree = "<group>";
		};
		1F4A330A2BD134AC0031CB6A /* Preview Content */ = {
			isa = PBXGroup;
			children = (
				1F4A330B2BD134AC0031CB6A /* Preview Assets.xcassets */,
			);
			path = "Preview Content";
			sourceTree = "<group>";
		};
		1F4A33142BD134AC0031CB6A /* GitHubSessionTests */ = {
			isa = PBXGroup;
			children = (
				1F4A33152BD134AC0031CB6A /* GitHubSessionTests.swift */,
			);
			path = GitHubSessionTests;
			sourceTree = "<group>";
		};
		1F4A331E2BD134AC0031CB6A /* GitHubSessionUITests */ = {
			isa = PBXGroup;
			children = (
				1F4A331F2BD134AC0031CB6A /* GitHubSessionUITests.swift */,
				1F4A33212BD134AC0031CB6A /* GitHubSessionUITestsLaunchTests.swift */,
			);
			path = GitHubSessionUITests;
			sourceTree = "<group>";
		};
/* End PBXGroup section */

/* Begin PBXNativeTarget section */
		1F4A33002BD134AB0031CB6A /* GitHubSession */ = {
			isa = PBXNativeTarget;
			buildConfigurationList = 1F4A33252BD134AC0031CB6A /* Build configuration list for PBXNativeTarget "GitHubSession" */;
			buildPhases = (
				1F4A32FD2BD134AB0031CB6A /* Sources */,
				1F4A32FE2BD134AB0031CB6A /* Frameworks */,
				1F4A32FF2BD134AB0031CB6A /* Resources */,
			);
			buildRules = (
			);
			dependencies = (
			);
			name = GitHubSession;
			productName = GitHubSession;
			productReference = 1F4A33012BD134AB0031CB6A /* GitHubSession.app */;
			productType = "com.apple.product-type.application";
		};
		1F4A33102BD134AC0031CB6A /* GitHubSessionTests */ = {
			isa = PBXNativeTarget;
			buildConfigurationList = 1F4A33282BD134AC0031CB6A /* Build configuration list for PBXNativeTarget "GitHubSessionTests" */;
			buildPhases = (
				1F4A330D2BD134AC0031CB6A /* Sources */,
				1F4A330E2BD134AC0031CB6A /* Frameworks */,
				1F4A330F2BD134AC0031CB6A /* Resources */,
			);
			buildRules = (
			);
			dependencies = (
				1F4A33132BD134AC0031CB6A /* PBXTargetDependency */,
			);
			name = GitHubSessionTests;
			productName = GitHubSessionTests;
			productReference = 1F4A33112BD134AC0031CB6A /* GitHubSessionTests.xctest */;
			productType = "com.apple.product-type.bundle.unit-test";
		};
		1F4A331A2BD134AC0031CB6A /* GitHubSessionUITests */ = {
			isa = PBXNativeTarget;
			buildConfigurationList = 1F4A332B2BD134AC0031CB6A /* Build configuration list for PBXNativeTarget "GitHubSessionUITests" */;
			buildPhases = (
				1F4A33172BD134AC0031CB6A /* Sources */,
				1F4A33182BD134AC0031CB6A /* Frameworks */,
				1F4A33192BD134AC0031CB6A /* Resources */,
			);
			buildRules = (
			);
			dependencies = (
				1F4A331D2BD134AC0031CB6A /* PBXTargetDependency */,
			);
			name = GitHubSessionUITests;
			productName = GitHubSessionUITests;
			productReference = 1F4A331B2BD134AC0031CB6A /* GitHubSessionUITests.xctest */;
			productType = "com.apple.product-type.bundle.ui-testing";
		};
/* End PBXNativeTarget section */

/* Begin PBXProject section */
		1F4A32F92BD134AB0031CB6A /* Project object */ = {
			isa = PBXProject;
			attributes = {
				BuildIndependentTargetsInParallel = 1;
				LastSwiftUpdateCheck = 1530;
				LastUpgradeCheck = 1530;
				TargetAttributes = {
					1F4A33002BD134AB0031CB6A = {
						CreatedOnToolsVersion = 15.3;
					};
					1F4A33102BD134AC0031CB6A = {
						CreatedOnToolsVersion = 15.3;
						TestTargetID = 1F4A33002BD134AB0031CB6A;
					};
					1F4A331A2BD134AC0031CB6A = {
						CreatedOnToolsVersion = 15.3;
						TestTargetID = 1F4A33002BD134AB0031CB6A;
					};
				};
			};
			buildConfigurationList = 1F4A32FC2BD134AB0031CB6A /* Build configuration list for PBXProject "GitHubSession" */;
			compatibilityVersion = "Xcode 14.0";
			developmentRegion = en;
			hasScannedForEncodings = 0;
			knownRegions = (
				en,
				Base,
			);
			mainGroup = 1F4A32F82BD134AB0031CB6A;
			productRefGroup = 1F4A33022BD134AB0031CB6A /* Products */;
			projectDirPath = "";
			projectRoot = "";
			targets = (
				1F4A33002BD134AB0031CB6A /* GitHubSession */,
				1F4A33102BD134AC0031CB6A /* GitHubSessionTests */,
				1F4A331A2BD134AC0031CB6A /* GitHubSessionUITests */,
			);
		};
/* End PBXProject section */

/* Begin PBXResourcesBuildPhase section */
		1F4A32FF2BD134AB0031CB6A /* Resources */ = {
			isa = PBXResourcesBuildPhase;
			buildActionMask = 2147483647;
			files = (
				1F4A330C2BD134AC0031CB6A /* Preview Assets.xcassets in Resources */,
				1F4A33092BD134AC0031CB6A /* Assets.xcassets in Resources */,
			);
			runOnlyForDeploymentPostprocessing = 0;
		};
		1F4A330F2BD134AC0031CB6A /* Resources */ = {
			isa = PBXResourcesBuildPhase;
			buildActionMask = 2147483647;
			files = (
			);
			runOnlyForDeploymentPostprocessing = 0;
		};
		1F4A33192BD134AC0031CB6A /* Resources */ = {
			isa = PBXResourcesBuildPhase;
			buildActionMask = 2147483647;
			files = (
			);
			runOnlyForDeploymentPostprocessing = 0;
		};
/* End PBXResourcesBuildPhase section */

/* Begin PBXSourcesBuildPhase section */
		1F4A32FD2BD134AB0031CB6A /* Sources */ = {
			isa = PBXSourcesBuildPhase;
			buildActionMask = 2147483647;
			files = (
				1F4A33072BD134AB0031CB6A /* ContentView.swift in Sources */,
				1F4A33052BD134AB0031CB6A /* GitHubSessionApp.swift in Sources */,
			);
			runOnlyForDeploymentPostprocessing = 0;
		};
		1F4A330D2BD134AC0031CB6A /* Sources */ = {
			isa = PBXSourcesBuildPhase;
			buildActionMask = 2147483647;
			files = (
				1F4A33162BD134AC0031CB6A /* GitHubSessionTests.swift in Sources */,
			);
			runOnlyForDeploymentPostprocessing = 0;
		};
		1F4A33172BD134AC0031CB6A /* Sources */ = {
			isa = PBXSourcesBuildPhase;
			buildActionMask = 2147483647;
			files = (
				1F4A33222BD134AC0031CB6A /* GitHubSessionUITestsLaunchTests.swift in Sources */,
				1F4A33202BD134AC0031CB6A /* GitHubSessionUITests.swift in Sources */,
			);
			runOnlyForDeploymentPostprocessing = 0;
		};
/* End PBXSourcesBuildPhase section */

/* Begin PBXTargetDependency section */
		1F4A33132BD134AC0031CB6A /* PBXTargetDependency */ = {
			isa = PBXTargetDependency;
			target = 1F4A33002BD134AB0031CB6A /* GitHubSession */;
			targetProxy = 1F4A33122BD134AC0031CB6A /* PBXContainerItemProxy */;
		};
		1F4A331D2BD134AC0031CB6A /* PBXTargetDependency */ = {
			isa = PBXTargetDependency;
			target = 1F4A33002BD134AB0031CB6A /* GitHubSession */;
			targetProxy = 1F4A331C2BD134AC0031CB6A /* PBXContainerItemProxy */;
		};
/* End PBXTargetDependency section */

/* Begin XCBuildConfiguration section */
		1F4A33232BD134AC0031CB6A /* Debug */ = {
			isa = XCBuildConfiguration;
			buildSettings = {
				ALWAYS_SEARCH_USER_PATHS = NO;
				ASSETCATALOG_COMPILER_GENERATE_SWIFT_ASSET_SYMBOL_EXTENSIONS = YES;
				CLANG_ANALYZER_NONNULL = YES;
				CLANG_ANALYZER_NUMBER_OBJECT_CONVERSION = YES_AGGRESSIVE;
				CLANG_CXX_LANGUAGE_STANDARD = "gnu++20";
				CLANG_ENABLE_MODULES = YES;
				CLANG_ENABLE_OBJC_ARC = YES;
				CLANG_ENABLE_OBJC_WEAK = YES;
				CLANG_WARN_BLOCK_CAPTURE_AUTORELEASING = YES;
				CLANG_WARN_BOOL_CONVERSION = YES;
				CLANG_WARN_COMMA = YES;
				CLANG_WARN_CONSTANT_CONVERSION = YES;
				CLANG_WARN_DEPRECATED_OBJC_IMPLEMENTATIONS = YES;
				CLANG_WARN_DIRECT_OBJC_ISA_USAGE = YES_ERROR;
				CLANG_WARN_DOCUMENTATION_COMMENTS = YES;
				CLANG_WARN_EMPTY_BODY = YES;
				CLANG_WARN_ENUM_CONVERSION = YES;
				CLANG_WARN_INFINITE_RECURSION = YES;
				CLANG_WARN_INT_CONVERSION = YES;
				CLANG_WARN_NON_LITERAL_NULL_CONVERSION = YES;
				CLANG_WARN_OBJC_IMPLICIT_RETAIN_SELF = YES;
				CLANG_WARN_OBJC_LITERAL_CONVERSION = YES;
				CLANG_WARN_OBJC_ROOT_CLASS = YES_ERROR;
				CLANG_WARN_QUOTED_INCLUDE_IN_FRAMEWORK_HEADER = YES;
				CLANG_WARN_RANGE_LOOP_ANALYSIS = YES;
				CLANG_WARN_STRICT_PROTOTYPES = YES;
				CLANG_WARN_SUSPICIOUS_MOVE = YES;
				CLANG_WARN_UNGUARDED_AVAILABILITY = YES_AGGRESSIVE;
				CLANG_WARN_UNREACHABLE_CODE = YES;
				CLANG_WARN__DUPLICATE_METHOD_MATCH = YES;
				COPY_PHASE_STRIP = NO;
				DEBUG_INFORMATION_FORMAT = dwarf;
				ENABLE_STRICT_OBJC_MSGSEND = YES;
				ENABLE_TESTABILITY = YES;
				ENABLE_USER_SCRIPT_SANDBOXING = YES;
				GCC_C_LANGUAGE_STANDARD = gnu17;
				GCC_DYNAMIC_NO_PIC = NO;
				GCC_NO_COMMON_BLOCKS = YES;
				GCC_OPTIMIZATION_LEVEL = 0;
				GCC_PREPROCESSOR_DEFINITIONS = (
					"DEBUG=1",
					"$(inherited)",
				);
				GCC_WARN_64_TO_32_BIT_CONVERSION = YES;
				GCC_WARN_ABOUT_RETURN_TYPE = YES_ERROR;
				GCC_WARN_UNDECLARED_SELECTOR = YES;
				GCC_WARN_UNINITIALIZED_AUTOS = YES_AGGRESSIVE;
				GCC_WARN_UNUSED_FUNCTION = YES;
				GCC_WARN_UNUSED_VARIABLE = YES;
				IPHONEOS_DEPLOYMENT_TARGET = 17.4;
				LOCALIZATION_PREFERS_STRING_CATALOGS = YES;
				MTL_ENABLE_DEBUG_INFO = INCLUDE_SOURCE;
				MTL_FAST_MATH = YES;
				ONLY_ACTIVE_ARCH = YES;
				SDKROOT = iphoneos;
				SWIFT_ACTIVE_COMPILATION_CONDITIONS = "DEBUG $(inherited)";
				SWIFT_OPTIMIZATION_LEVEL = "-Onone";
			};
			name = Debug;
		};
		1F4A33242BD134AC0031CB6A /* Release */ = {
			isa = XCBuildConfiguration;
			buildSettings = {
				ALWAYS_SEARCH_USER_PATHS = NO;
				ASSETCATALOG_COMPILER_GENERATE_SWIFT_ASSET_SYMBOL_EXTENSIONS = YES;
				CLANG_ANALYZER_NONNULL = YES;
				CLANG_ANALYZER_NUMBER_OBJECT_CONVERSION = YES_AGGRESSIVE;
				CLANG_CXX_LANGUAGE_STANDARD = "gnu++20";
				CLANG_ENABLE_MODULES = YES;
				CLANG_ENABLE_OBJC_ARC = YES;
				CLANG_ENABLE_OBJC_WEAK = YES;
				CLANG_WARN_BLOCK_CAPTURE_AUTORELEASING = YES;
				CLANG_WARN_BOOL_CONVERSION = YES;
				CLANG_WARN_COMMA = YES;
				CLANG_WARN_CONSTANT_CONVERSION = YES;
				CLANG_WARN_DEPRECATED_OBJC_IMPLEMENTATIONS = YES;
				CLANG_WARN_DIRECT_OBJC_ISA_USAGE = YES_ERROR;
				CLANG_WARN_DOCUMENTATION_COMMENTS = YES;
				CLANG_WARN_EMPTY_BODY = YES;
				CLANG_WARN_ENUM_CONVERSION = YES;
				CLANG_WARN_INFINITE_RECURSION = YES;
				CLANG_WARN_INT_CONVERSION = YES;
				CLANG_WARN_NON_LITERAL_NULL_CONVERSION = YES;
				CLANG_WARN_OBJC_IMPLICIT_RETAIN_SELF = YES;
				CLANG_WARN_OBJC_LITERAL_CONVERSION = YES;
				CLANG_WARN_OBJC_ROOT_CLASS = YES_ERROR;
				CLANG_WARN_QUOTED_INCLUDE_IN_FRAMEWORK_HEADER = YES;
				CLANG_WARN_RANGE_LOOP_ANALYSIS = YES;
				CLANG_WARN_STRICT_PROTOTYPES = YES;
				CLANG_WARN_SUSPICIOUS_MOVE = YES;
				CLANG_WARN_UNGUARDED_AVAILABILITY = YES_AGGRESSIVE;
				CLANG_WARN_UNREACHABLE_CODE = YES;
				CLANG_WARN__DUPLICATE_METHOD_MATCH = YES;
				COPY_PHASE_STRIP = NO;
				DEBUG_INFORMATION_FORMAT = "dwarf-with-dsym";
				ENABLE_NS_ASSERTIONS = NO;
				ENABLE_STRICT_OBJC_MSGSEND = YES;
				ENABLE_USER_SCRIPT_SANDBOXING = YES;
				GCC_C_LANGUAGE_STANDARD = gnu17;
				GCC_NO_COMMON_BLOCKS = YES;
				GCC_WARN_64_TO_32_BIT_CONVERSION = YES;
				GCC_WARN_ABOUT_RETURN_TYPE = YES_ERROR;
				GCC_WARN_UNDECLARED_SELECTOR = YES;
				GCC_WARN_UNINITIALIZED_AUTOS = YES_AGGRESSIVE;
				GCC_WARN_UNUSED_FUNCTION = YES;
				GCC_WARN_UNUSED_VARIABLE = YES;
				IPHONEOS_DEPLOYMENT_TARGET = 17.4;
				LOCALIZATION_PREFERS_STRING_CATALOGS = YES;
				MTL_ENABLE_DEBUG_INFO = NO;
				MTL_FAST_MATH = YES;
				SDKROOT = iphoneos;
				SWIFT_COMPILATION_MODE = wholemodule;
				VALIDATE_PRODUCT = YES;
			};
			name = Release;
		};
		1F4A33262BD134AC0031CB6A /* Debug */ = {
			isa = XCBuildConfiguration;
			buildSettings = {
				ASSETCATALOG_COMPILER_APPICON_NAME = AppIcon;
				ASSETCATALOG_COMPILER_GLOBAL_ACCENT_COLOR_NAME = AccentColor;
				CODE_SIGN_STYLE = Automatic;
				CURRENT_PROJECT_VERSION = 1;
				DEVELOPMENT_ASSET_PATHS = "\"GitHubSession/Preview Content\"";
				ENABLE_PREVIEWS = YES;
				GENERATE_INFOPLIST_FILE = YES;
				INFOPLIST_KEY_UIApplicationSceneManifest_Generation = YES;
				INFOPLIST_KEY_UIApplicationSupportsIndirectInputEvents = YES;
				INFOPLIST_KEY_UILaunchScreen_Generation = YES;
				INFOPLIST_KEY_UISupportedInterfaceOrientations_iPad = "UIInterfaceOrientationPortrait UIInterfaceOrientationPortraitUpsideDown UIInterfaceOrientationLandscapeLeft UIInterfaceOrientationLandscapeRight";
				INFOPLIST_KEY_UISupportedInterfaceOrientations_iPhone = "UIInterfaceOrientationPortrait UIInterfaceOrientationLandscapeLeft UIInterfaceOrientationLandscapeRight";
				LD_RUNPATH_SEARCH_PATHS = (
					"$(inherited)",
					"@executable_path/Frameworks",
				);
				MARKETING_VERSION = 1.0;
				PRODUCT_BUNDLE_IDENTIFIER = dday.huibae24.GitHubSession;
				PRODUCT_NAME = "$(TARGET_NAME)";
				SWIFT_EMIT_LOC_STRINGS = YES;
				SWIFT_VERSION = 5.0;
				TARGETED_DEVICE_FAMILY = "1,2";
			};
			name = Debug;
		};
		1F4A33272BD134AC0031CB6A /* Release */ = {
			isa = XCBuildConfiguration;
			buildSettings = {
				ASSETCATALOG_COMPILER_APPICON_NAME = AppIcon;
				ASSETCATALOG_COMPILER_GLOBAL_ACCENT_COLOR_NAME = AccentColor;
				CODE_SIGN_STYLE = Automatic;
				CURRENT_PROJECT_VERSION = 1;
				DEVELOPMENT_ASSET_PATHS = "\"GitHubSession/Preview Content\"";
				ENABLE_PREVIEWS = YES;
				GENERATE_INFOPLIST_FILE = YES;
				INFOPLIST_KEY_UIApplicationSceneManifest_Generation = YES;
				INFOPLIST_KEY_UIApplicationSupportsIndirectInputEvents = YES;
				INFOPLIST_KEY_UILaunchScreen_Generation = YES;
				INFOPLIST_KEY_UISupportedInterfaceOrientations_iPad = "UIInterfaceOrientationPortrait UIInterfaceOrientationPortraitUpsideDown UIInterfaceOrientationLandscapeLeft UIInterfaceOrientationLandscapeRight";
				INFOPLIST_KEY_UISupportedInterfaceOrientations_iPhone = "UIInterfaceOrientationPortrait UIInterfaceOrientationLandscapeLeft UIInterfaceOrientationLandscapeRight";
				LD_RUNPATH_SEARCH_PATHS = (
					"$(inherited)",
					"@executable_path/Frameworks",
				);
				MARKETING_VERSION = 1.0;
				PRODUCT_BUNDLE_IDENTIFIER = dday.huibae24.GitHubSession;
				PRODUCT_NAME = "$(TARGET_NAME)";
				SWIFT_EMIT_LOC_STRINGS = YES;
				SWIFT_VERSION = 5.0;
				TARGETED_DEVICE_FAMILY = "1,2";
			};
			name = Release;
		};
		1F4A33292BD134AC0031CB6A /* Debug */ = {
			isa = XCBuildConfiguration;
			buildSettings = {
				ALWAYS_EMBED_SWIFT_STANDARD_LIBRARIES = YES;
				BUNDLE_LOADER = "$(TEST_HOST)";
				CODE_SIGN_STYLE = Automatic;
				CURRENT_PROJECT_VERSION = 1;
				GENERATE_INFOPLIST_FILE = YES;
				IPHONEOS_DEPLOYMENT_TARGET = 17.4;
				MARKETING_VERSION = 1.0;
				PRODUCT_BUNDLE_IDENTIFIER = dday.huibae24.GitHubSessionTests;
				PRODUCT_NAME = "$(TARGET_NAME)";
				SWIFT_EMIT_LOC_STRINGS = NO;
				SWIFT_VERSION = 5.0;
				TARGETED_DEVICE_FAMILY = "1,2";
				TEST_HOST = "$(BUILT_PRODUCTS_DIR)/GitHubSession.app/$(BUNDLE_EXECUTABLE_FOLDER_PATH)/GitHubSession";
			};
			name = Debug;
		};
		1F4A332A2BD134AC0031CB6A /* Release */ = {
			isa = XCBuildConfiguration;
			buildSettings = {
				ALWAYS_EMBED_SWIFT_STANDARD_LIBRARIES = YES;
				BUNDLE_LOADER = "$(TEST_HOST)";
				CODE_SIGN_STYLE = Automatic;
				CURRENT_PROJECT_VERSION = 1;
				GENERATE_INFOPLIST_FILE = YES;
				IPHONEOS_DEPLOYMENT_TARGET = 17.4;
				MARKETING_VERSION = 1.0;
				PRODUCT_BUNDLE_IDENTIFIER = dday.huibae24.GitHubSessionTests;
				PRODUCT_NAME = "$(TARGET_NAME)";
				SWIFT_EMIT_LOC_STRINGS = NO;
				SWIFT_VERSION = 5.0;
				TARGETED_DEVICE_FAMILY = "1,2";
				TEST_HOST = "$(BUILT_PRODUCTS_DIR)/GitHubSession.app/$(BUNDLE_EXECUTABLE_FOLDER_PATH)/GitHubSession";
			};
			name = Release;
		};
		1F4A332C2BD134AC0031CB6A /* Debug */ = {
			isa = XCBuildConfiguration;
			buildSettings = {
				ALWAYS_EMBED_SWIFT_STANDARD_LIBRARIES = YES;
				CODE_SIGN_STYLE = Automatic;
				CURRENT_PROJECT_VERSION = 1;
				GENERATE_INFOPLIST_FILE = YES;
				MARKETING_VERSION = 1.0;
				PRODUCT_BUNDLE_IDENTIFIER = dday.huibae24.GitHubSessionUITests;
				PRODUCT_NAME = "$(TARGET_NAME)";
				SWIFT_EMIT_LOC_STRINGS = NO;
				SWIFT_VERSION = 5.0;
				TARGETED_DEVICE_FAMILY = "1,2";
				TEST_TARGET_NAME = GitHubSession;
			};
			name = Debug;
		};
		1F4A332D2BD134AC0031CB6A /* Release */ = {
			isa = XCBuildConfiguration;
			buildSettings = {
				ALWAYS_EMBED_SWIFT_STANDARD_LIBRARIES = YES;
				CODE_SIGN_STYLE = Automatic;
				CURRENT_PROJECT_VERSION = 1;
				GENERATE_INFOPLIST_FILE = YES;
				MARKETING_VERSION = 1.0;
				PRODUCT_BUNDLE_IDENTIFIER = dday.huibae24.GitHubSessionUITests;
				PRODUCT_NAME = "$(TARGET_NAME)";
				SWIFT_EMIT_LOC_STRINGS = NO;
				SWIFT_VERSION = 5.0;
				TARGETED_DEVICE_FAMILY = "1,2";
				TEST_TARGET_NAME = GitHubSession;
			};
			name = Release;
		};
/* End XCBuildConfiguration section */

/* Begin XCConfigurationList section */
		1F4A32FC2BD134AB0031CB6A /* Build configuration list for PBXProject "GitHubSession" */ = {
			isa = XCConfigurationList;
			buildConfigurations = (
				1F4A33232BD134AC0031CB6A /* Debug */,
				1F4A33242BD134AC0031CB6A /* Release */,
			);
			defaultConfigurationIsVisible = 0;
			defaultConfigurationName = Release;
		};
		1F4A33252BD134AC0031CB6A /* Build configuration list for PBXNativeTarget "GitHubSession" */ = {
			isa = XCConfigurationList;
			buildConfigurations = (
				1F4A33262BD134AC0031CB6A /* Debug */,
				1F4A33272BD134AC0031CB6A /* Release */,
			);
			defaultConfigurationIsVisible = 0;
			defaultConfigurationName = Release;
		};
		1F4A33282BD134AC0031CB6A /* Build configuration list for PBXNativeTarget "GitHubSessionTests" */ = {
			isa = XCConfigurationList;
			buildConfigurations = (
				1F4A33292BD134AC0031CB6A /* Debug */,
				1F4A332A2BD134AC0031CB6A /* Release */,
			);
			defaultConfigurationIsVisible = 0;
			defaultConfigurationName = Release;
		};
		1F4A332B2BD134AC0031CB6A /* Build configuration list for PBXNativeTarget "GitHubSessionUITests" */ = {
			isa = XCConfigurationList;
			buildConfigurations = (
				1F4A332C2BD134AC0031CB6A /* Debug */,
				1F4A332D2BD134AC0031CB6A /* Release */,
			);
			defaultConfigurationIsVisible = 0;
			defaultConfigurationName = Release;
		};
/* End XCConfigurationList section */
	};
	rootObject = 1F4A32F92BD134AB0031CB6A /* Project object */;
}
